
Microsoft Visual Studio Solution File, Format Version 12.00
# Visual Studio Version 17
VisualStudioVersion = 17.0.31717.71
MinimumVisualStudioVersion = 10.0.40219.1
Project("{FAE04EC0-301F-11D3-BF4B-00C04F79EFBC}") = "Aula146", "Aula146\Aula146.csproj", "{A63209D3-B679-461C-9A83-F25F9A041BE3}"
EndProject
Global
	GlobalSection(SolutionConfigurationPlatforms) = preSolution
		Debug|Any CPU = Debug|Any CPU
		Release|Any CPU = Release|Any CPU
	EndGlobalSection
	GlobalSection(ProjectConfigurationPlatforms) = postSolution
		{A63209D3-B679-461C-9A83-F25F9A041BE3}.Debug|Any CPU.ActiveCfg = Debug|Any CPU
		{A63209D3-B679-461C-9A83-F25F9A041BE3}.Debug|Any CPU.Build.0 = Debug|Any CPU
		{A63209D3-B679-461C-9A83-F25F9A041BE3}.Release|Any CPU.ActiveCfg = Release|Any CPU
		{A63209D3-B679-461C-9A83-F25F9A041BE3}.Release|Any CPU.Build.0 = Release|Any CPU
	EndGlobalSection
	GlobalSection(SolutionProperties) = preSolution
		HideSolutionNode = FALSE
	EndGlobalSection
	GlobalSection(ExtensibilityGlobals) = postSolution
		SolutionGuid = {89BE4EA0-3FB3-4970-AF78-1014EE1D0ABE}
	EndGlobalSection
EndGlobal
